// !$*UTF8*$!
{
	archiveVersion = 1;
	classes = {
	};
	objectVersion = 46;
	objects = {

/* Begin PBXBuildFile section */
		2AA233D31D24869D001EF336 /* AppDelegate.swift in Sources */ = {isa = PBXBuildFile; fileRef = 2AA233D21D24869D001EF336 /* AppDelegate.swift */; };
		2AA233D61D24869E001EF336 /* git_sonic.xcdatamodeld in Sources */ = {isa = PBXBuildFile; fileRef = 2AA233D41D24869E001EF336 /* git_sonic.xcdatamodeld */; };
		2AA233D81D24869E001EF336 /* MasterViewController.swift in Sources */ = {isa = PBXBuildFile; fileRef = 2AA233D71D24869E001EF336 /* MasterViewController.swift */; };
		2AA233DA1D24869E001EF336 /* DetailViewController.swift in Sources */ = {isa = PBXBuildFile; fileRef = 2AA233D91D24869E001EF336 /* DetailViewController.swift */; };
		2AA233DD1D24869E001EF336 /* Main.storyboard in Resources */ = {isa = PBXBuildFile; fileRef = 2AA233DB1D24869E001EF336 /* Main.storyboard */; };
		2AA233DF1D24869E001EF336 /* Assets.xcassets in Resources */ = {isa = PBXBuildFile; fileRef = 2AA233DE1D24869E001EF336 /* Assets.xcassets */; };
		2AA233E21D24869E001EF336 /* LaunchScreen.storyboard in Resources */ = {isa = PBXBuildFile; fileRef = 2AA233E01D24869E001EF336 /* LaunchScreen.storyboard */; };
		2AA233ED1D24869E001EF336 /* git_sonicTests.swift in Sources */ = {isa = PBXBuildFile; fileRef = 2AA233EC1D24869E001EF336 /* git_sonicTests.swift */; };
		2AA233F81D24869E001EF336 /* git_sonicUITests.swift in Sources */ = {isa = PBXBuildFile; fileRef = 2AA233F71D24869E001EF336 /* git_sonicUITests.swift */; };
/* End PBXBuildFile section */

/* Begin PBXContainerItemProxy section */
		2AA233E91D24869E001EF336 /* PBXContainerItemProxy */ = {
			isa = PBXContainerItemProxy;
			containerPortal = 2AA233C71D24869D001EF336 /* Project object */;
			proxyType = 1;
			remoteGlobalIDString = 2AA233CE1D24869D001EF336;
			remoteInfo = "git-sonic";
		};
		2AA233F41D24869E001EF336 /* PBXContainerItemProxy */ = {
			isa = PBXContainerItemProxy;
			containerPortal = 2AA233C71D24869D001EF336 /* Project object */;
			proxyType = 1;
			remoteGlobalIDString = 2AA233CE1D24869D001EF336;
			remoteInfo = "git-sonic";
		};
/* End PBXContainerItemProxy section */

/* Begin PBXFileReference section */
		2AA233CF1D24869D001EF336 /* git-sonic.app */ = {isa = PBXFileReference; explicitFileType = wrapper.application; includeInIndex = 0; path = "git-sonic.app"; sourceTree = BUILT_PRODUCTS_DIR; };
		2AA233D21D24869D001EF336 /* AppDelegate.swift */ = {isa = PBXFileReference; lastKnownFileType = sourcecode.swift; path = AppDelegate.swift; sourceTree = "<group>"; };
		2AA233D51D24869E001EF336 /* git_sonic.xcdatamodel */ = {isa = PBXFileReference; lastKnownFileType = wrapper.xcdatamodel; path = git_sonic.xcdatamodel; sourceTree = "<group>"; };
		2AA233D71D24869E001EF336 /* MasterViewController.swift */ = {isa = PBXFileReference; lastKnownFileType = sourcecode.swift; path = MasterViewController.swift; sourceTree = "<group>"; };
		2AA233D91D24869E001EF336 /* DetailViewController.swift */ = {isa = PBXFileReference; lastKnownFileType = sourcecode.swift; path = DetailViewController.swift; sourceTree = "<group>"; };
		2AA233DC1D24869E001EF336 /* Base */ = {isa = PBXFileReference; lastKnownFileType = file.storyboard; name = Base; path = Base.lproj/Main.storyboard; sourceTree = "<group>"; };
		2AA233DE1D24869E001EF336 /* Assets.xcassets */ = {isa = PBXFileReference; lastKnownFileType = folder.assetcatalog; path = Assets.xcassets; sourceTree = "<group>"; };
		2AA233E11D24869E001EF336 /* Base */ = {isa = PBXFileReference; lastKnownFileType = file.storyboard; name = Base; path = Base.lproj/LaunchScreen.storyboard; sourceTree = "<group>"; };
		2AA233E31D24869E001EF336 /* Info.plist */ = {isa = PBXFileReference; lastKnownFileType = text.plist.xml; path = Info.plist; sourceTree = "<group>"; };
		2AA233E81D24869E001EF336 /* git-sonicTests.xctest */ = {isa = PBXFileReference; explicitFileType = wrapper.cfbundle; includeInIndex = 0; path = "git-sonicTests.xctest"; sourceTree = BUILT_PRODUCTS_DIR; };
		2AA233EC1D24869E001EF336 /* git_sonicTests.swift */ = {isa = PBXFileReference; lastKnownFileType = sourcecode.swift; path = git_sonicTests.swift; sourceTree = "<group>"; };
		2AA233EE1D24869E001EF336 /* Info.plist */ = {isa = PBXFileReference; lastKnownFileType = text.plist.xml; path = Info.plist; sourceTree = "<group>"; };
		2AA233F31D24869E001EF336 /* git-sonicUITests.xctest */ = {isa = PBXFileReference; explicitFileType = wrapper.cfbundle; includeInIndex = 0; path = "git-sonicUITests.xctest"; sourceTree = BUILT_PRODUCTS_DIR; };
		2AA233F71D24869E001EF336 /* git_sonicUITests.swift */ = {isa = PBXFileReference; lastKnownFileType = sourcecode.swift; path = git_sonicUITests.swift; sourceTree = "<group>"; };
		2AA233F91D24869E001EF336 /* Info.plist */ = {isa = PBXFileReference; lastKnownFileType = text.plist.xml; path = Info.plist; sourceTree = "<group>"; };
/* End PBXFileReference section */

/* Begin PBXFrameworksBuildPhase section */
		2AA233CC1D24869D001EF336 /* Frameworks */ = {
			isa = PBXFrameworksBuildPhase;
			buildActionMask = 2147483647;
			files = (
			);
			runOnlyForDeploymentPostprocessing = 0;
		};
		2AA233E51D24869E001EF336 /* Frameworks */ = {
			isa = PBXFrameworksBuildPhase;
			buildActionMask = 2147483647;
			files = (
			);
			runOnlyForDeploymentPostprocessing = 0;
		};
		2AA233F01D24869E001EF336 /* Frameworks */ = {
			isa = PBXFrameworksBuildPhase;
			buildActionMask = 2147483647;
			files = (
			);
			runOnlyForDeploymentPostprocessing = 0;
		};
/* End PBXFrameworksBuildPhase section */

/* Begin PBXGroup section */
		2AA233C61D24869D001EF336 = {
			isa = PBXGroup;
			children = (
				2AA233D11D24869D001EF336 /* git-sonic */,
				2AA233EB1D24869E001EF336 /* git-sonicTests */,
				2AA233F61D24869E001EF336 /* git-sonicUITests */,
				2AA233D01D24869D001EF336 /* Products */,
			);
			sourceTree = "<group>";
		};
		2AA233D01D24869D001EF336 /* Products */ = {
			isa = PBXGroup;
			children = (
				2AA233CF1D24869D001EF336 /* git-sonic.app */,
				2AA233E81D24869E001EF336 /* git-sonicTests.xctest */,
				2AA233F31D24869E001EF336 /* git-sonicUITests.xctest */,
			);
			name = Products;
			sourceTree = "<group>";
		};
		2AA233D11D24869D001EF336 /* git-sonic */ = {
			isa = PBXGroup;
			children = (
				2AA233D21D24869D001EF336 /* AppDelegate.swift */,
				2AA233D71D24869E001EF336 /* MasterViewController.swift */,
				2AA233D91D24869E001EF336 /* DetailViewController.swift */,
				2AA233DB1D24869E001EF336 /* Main.storyboard */,
				2AA233DE1D24869E001EF336 /* Assets.xcassets */,
				2AA233E01D24869E001EF336 /* LaunchScreen.storyboard */,
				2AA233E31D24869E001EF336 /* Info.plist */,
				2AA233D41D24869E001EF336 /* git_sonic.xcdatamodeld */,
			);
			path = "git-sonic";
			sourceTree = "<group>";
		};
		2AA233EB1D24869E001EF336 /* git-sonicTests */ = {
			isa = PBXGroup;
			children = (
				2AA233EC1D24869E001EF336 /* git_sonicTests.swift */,
				2AA233EE1D24869E001EF336 /* Info.plist */,
			);
			path = "git-sonicTests";
			sourceTree = "<group>";
		};
		2AA233F61D24869E001EF336 /* git-sonicUITests */ = {
			isa = PBXGroup;
			children = (
				2AA233F71D24869E001EF336 /* git_sonicUITests.swift */,
				2AA233F91D24869E001EF336 /* Info.plist */,
			);
			path = "git-sonicUITests";
			sourceTree = "<group>";
		};
/* End PBXGroup section */

/* Begin PBXNativeTarget section */
		2AA233CE1D24869D001EF336 /* git-sonic */ = {
			isa = PBXNativeTarget;
			buildConfigurationList = 2AA233FC1D24869E001EF336 /* Build configuration list for PBXNativeTarget "git-sonic" */;
			buildPhases = (
				2AA233CB1D24869D001EF336 /* Sources */,
				2AA233CC1D24869D001EF336 /* Frameworks */,
				2AA233CD1D24869D001EF336 /* Resources */,
			);
			buildRules = (
			);
			dependencies = (
			);
			name = "git-sonic";
			productName = "git-sonic";
			productReference = 2AA233CF1D24869D001EF336 /* git-sonic.app */;
			productType = "com.apple.product-type.application";
		};
		2AA233E71D24869E001EF336 /* git-sonicTests */ = {
			isa = PBXNativeTarget;
			buildConfigurationList = 2AA233FF1D24869E001EF336 /* Build configuration list for PBXNativeTarget "git-sonicTests" */;
			buildPhases = (
				2AA233E41D24869E001EF336 /* Sources */,
				2AA233E51D24869E001EF336 /* Frameworks */,
				2AA233E61D24869E001EF336 /* Resources */,
			);
			buildRules = (
			);
			dependencies = (
				2AA233EA1D24869E001EF336 /* PBXTargetDependency */,
			);
			name = "git-sonicTests";
			productName = "git-sonicTests";
			productReference = 2AA233E81D24869E001EF336 /* git-sonicTests.xctest */;
			productType = "com.apple.product-type.bundle.unit-test";
		};
		2AA233F21D24869E001EF336 /* git-sonicUITests */ = {
			isa = PBXNativeTarget;
			buildConfigurationList = 2AA234021D24869E001EF336 /* Build configuration list for PBXNativeTarget "git-sonicUITests" */;
			buildPhases = (
				2AA233EF1D24869E001EF336 /* Sources */,
				2AA233F01D24869E001EF336 /* Frameworks */,
				2AA233F11D24869E001EF336 /* Resources */,
			);
			buildRules = (
			);
			dependencies = (
				2AA233F51D24869E001EF336 /* PBXTargetDependency */,
			);
			name = "git-sonicUITests";
			productName = "git-sonicUITests";
			productReference = 2AA233F31D24869E001EF336 /* git-sonicUITests.xctest */;
			productType = "com.apple.product-type.bundle.ui-testing";
		};
/* End PBXNativeTarget section */

/* Begin PBXProject section */
		2AA233C71D24869D001EF336 /* Project object */ = {
			isa = PBXProject;
			attributes = {
				LastSwiftUpdateCheck = 0730;
				LastUpgradeCheck = 0730;
				ORGANIZATIONNAME = phonegroove;
				TargetAttributes = {
					2AA233CE1D24869D001EF336 = {
						CreatedOnToolsVersion = 7.3.1;
					};
					2AA233E71D24869E001EF336 = {
						CreatedOnToolsVersion = 7.3.1;
						TestTargetID = 2AA233CE1D24869D001EF336;
					};
					2AA233F21D24869E001EF336 = {
						CreatedOnToolsVersion = 7.3.1;
						TestTargetID = 2AA233CE1D24869D001EF336;
					};
				};
			};
			buildConfigurationList = 2AA233CA1D24869D001EF336 /* Build configuration list for PBXProject "git-sonic" */;
			compatibilityVersion = "Xcode 3.2";
			developmentRegion = English;
			hasScannedForEncodings = 0;
			knownRegions = (
				en,
				Base,
			);
			mainGroup = 2AA233C61D24869D001EF336;
			productRefGroup = 2AA233D01D24869D001EF336 /* Products */;
			projectDirPath = "";
			projectRoot = "";
			targets = (
				2AA233CE1D24869D001EF336 /* git-sonic */,
				2AA233E71D24869E001EF336 /* git-sonicTests */,
				2AA233F21D24869E001EF336 /* git-sonicUITests */,
			);
		};
/* End PBXProject section */

/* Begin PBXResourcesBuildPhase section */
		2AA233CD1D24869D001EF336 /* Resources */ = {
			isa = PBXResourcesBuildPhase;
			buildActionMask = 2147483647;
			files = (
				2AA233E21D24869E001EF336 /* LaunchScreen.storyboard in Resources */,
				2AA233DF1D24869E001EF336 /* Assets.xcassets in Resources */,
				2AA233DD1D24869E001EF336 /* Main.storyboard in Resources */,
			);
			runOnlyForDeploymentPostprocessing = 0;
		};
		2AA233E61D24869E001EF336 /* Resources */ = {
			isa = PBXResourcesBuildPhase;
			buildActionMask = 2147483647;
			files = (
			);
			runOnlyForDeploymentPostprocessing = 0;
		};
		2AA233F11D24869E001EF336 /* Resources */ = {
			isa = PBXResourcesBuildPhase;
			buildActionMask = 2147483647;
			files = (
			);
			runOnlyForDeploymentPostprocessing = 0;
		};
/* End PBXResourcesBuildPhase section */

/* Begin PBXSourcesBuildPhase section */
		2AA233CB1D24869D001EF336 /* Sources */ = {
			isa = PBXSourcesBuildPhase;
			buildActionMask = 2147483647;
			files = (
				2AA233D31D24869D001EF336 /* AppDelegate.swift in Sources */,
				2AA233D61D24869E001EF336 /* git_sonic.xcdatamodeld in Sources */,
				2AA233D81D24869E001EF336 /* MasterViewController.swift in Sources */,
				2AA233DA1D24869E001EF336 /* DetailViewController.swift in Sources */,
			);
			runOnlyForDeploymentPostprocessing = 0;
		};
		2AA233E41D24869E001EF336 /* Sources */ = {
			isa = PBXSourcesBuildPhase;
			buildActionMask = 2147483647;
			files = (
				2AA233ED1D24869E001EF336 /* git_sonicTests.swift in Sources */,
			);
			runOnlyForDeploymentPostprocessing = 0;
		};
		2AA233EF1D24869E001EF336 /* Sources */ = {
			isa = PBXSourcesBuildPhase;
			buildActionMask = 2147483647;
			files = (
				2AA233F81D24869E001EF336 /* git_sonicUITests.swift in Sources */,
			);
			runOnlyForDeploymentPostprocessing = 0;
		};
/* End PBXSourcesBuildPhase section */

/* Begin PBXTargetDependency section */
		2AA233EA1D24869E001EF336 /* PBXTargetDependency */ = {
			isa = PBXTargetDependency;
			target = 2AA233CE1D24869D001EF336 /* git-sonic */;
			targetProxy = 2AA233E91D24869E001EF336 /* PBXContainerItemProxy */;
		};
		2AA233F51D24869E001EF336 /* PBXTargetDependency */ = {
			isa = PBXTargetDependency;
			target = 2AA233CE1D24869D001EF336 /* git-sonic */;
			targetProxy = 2AA233F41D24869E001EF336 /* PBXContainerItemProxy */;
		};
/* End PBXTargetDependency section */

/* Begin PBXVariantGroup section */
		2AA233DB1D24869E001EF336 /* Main.storyboard */ = {
			isa = PBXVariantGroup;
			children = (
				2AA233DC1D24869E001EF336 /* Base */,
			);
			name = Main.storyboard;
			sourceTree = "<group>";
		};
		2AA233E01D24869E001EF336 /* LaunchScreen.storyboard */ = {
			isa = PBXVariantGroup;
			children = (
				2AA233E11D24869E001EF336 /* Base */,
			);
			name = LaunchScreen.storyboard;
			sourceTree = "<group>";
		};
/* End PBXVariantGroup section */

/* Begin XCBuildConfiguration section */
		2AA233FA1D24869E001EF336 /* Debug */ = {
			isa = XCBuildConfiguration;
			buildSettings = {
				ALWAYS_SEARCH_USER_PATHS = NO;
				CLANG_ANALYZER_NONNULL = YES;
				CLANG_CXX_LANGUAGE_STANDARD = "gnu++0x";
				CLANG_CXX_LIBRARY = "libc++";
				CLANG_ENABLE_MODULES = YES;
				CLANG_ENABLE_OBJC_ARC = YES;
				CLANG_WARN_BOOL_CONVERSION = YES;
				CLANG_WARN_CONSTANT_CONVERSION = YES;
				CLANG_WARN_DIRECT_OBJC_ISA_USAGE = YES_ERROR;
				CLANG_WARN_EMPTY_BODY = YES;
				CLANG_WARN_ENUM_CONVERSION = YES;
				CLANG_WARN_INT_CONVERSION = YES;
				CLANG_WARN_OBJC_ROOT_CLASS = YES_ERROR;
				CLANG_WARN_UNREACHABLE_CODE = YES;
				CLANG_WARN__DUPLICATE_METHOD_MATCH = YES;
				"CODE_SIGN_IDENTITY[sdk=iphoneos*]" = "iPhone Developer";
				COPY_PHASE_STRIP = NO;
				DEBUG_INFORMATION_FORMAT = dwarf;
				ENABLE_STRICT_OBJC_MSGSEND = YES;
				ENABLE_TESTABILITY = YES;
				GCC_C_LANGUAGE_STANDARD = gnu99;
				GCC_DYNAMIC_NO_PIC = NO;
				GCC_NO_COMMON_BLOCKS = YES;
				GCC_OPTIMIZATION_LEVEL = 0;
				GCC_PREPROCESSOR_DEFINITIONS = (
					"DEBUG=1",
					"$(inherited)",
				);
				GCC_WARN_64_TO_32_BIT_CONVERSION = YES;
				GCC_WARN_ABOUT_RETURN_TYPE = YES_ERROR;
				GCC_WARN_UNDECLARED_SELECTOR = YES;
				GCC_WARN_UNINITIALIZED_AUTOS = YES_AGGRESSIVE;
				GCC_WARN_UNUSED_FUNCTION = YES;
				GCC_WARN_UNUSED_VARIABLE = YES;
				IPHONEOS_DEPLOYMENT_TARGET = 9.3;
				MTL_ENABLE_DEBUG_INFO = YES;
				ONLY_ACTIVE_ARCH = YES;
				SDKROOT = iphoneos;
				SWIFT_OPTIMIZATION_LEVEL = "-Onone";
				TARGETED_DEVICE_FAMILY = "1,2";
			};
			name = Debug;
		};
		2AA233FB1D24869E001EF336 /* Release */ = {
			isa = XCBuildConfiguration;
			buildSettings = {
				ALWAYS_SEARCH_USER_PATHS = NO;
				CLANG_ANALYZER_NONNULL = YES;
				CLANG_CXX_LANGUAGE_STANDARD = "gnu++0x";
				CLANG_CXX_LIBRARY = "libc++";
				CLANG_ENABLE_MODULES = YES;
				CLANG_ENABLE_OBJC_ARC = YES;
				CLANG_WARN_BOOL_CONVERSION = YES;
				CLANG_WARN_CONSTANT_CONVERSION = YES;
				CLANG_WARN_DIRECT_OBJC_ISA_USAGE = YES_ERROR;
				CLANG_WARN_EMPTY_BODY = YES;
				CLANG_WARN_ENUM_CONVERSION = YES;
				CLANG_WARN_INT_CONVERSION = YES;
				CLANG_WARN_OBJC_ROOT_CLASS = YES_ERROR;
				CLANG_WARN_UNREACHABLE_CODE = YES;
				CLANG_WARN__DUPLICATE_METHOD_MATCH = YES;
				"CODE_SIGN_IDENTITY[sdk=iphoneos*]" = "iPhone Developer";
				COPY_PHASE_STRIP = NO;
				DEBUG_INFORMATION_FORMAT = "dwarf-with-dsym";
				ENABLE_NS_ASSERTIONS = NO;
				ENABLE_STRICT_OBJC_MSGSEND = YES;
				GCC_C_LANGUAGE_STANDARD = gnu99;
				GCC_NO_COMMON_BLOCKS = YES;
				GCC_WARN_64_TO_32_BIT_CONVERSION = YES;
				GCC_WARN_ABOUT_RETURN_TYPE = YES_ERROR;
				GCC_WARN_UNDECLARED_SELECTOR = YES;
				GCC_WARN_UNINITIALIZED_AUTOS = YES_AGGRESSIVE;
				GCC_WARN_UNUSED_FUNCTION = YES;
				GCC_WARN_UNUSED_VARIABLE = YES;
				IPHONEOS_DEPLOYMENT_TARGET = 9.3;
				MTL_ENABLE_DEBUG_INFO = NO;
				SDKROOT = iphoneos;
				TARGETED_DEVICE_FAMILY = "1,2";
				VALIDATE_PRODUCT = YES;
			};
			name = Release;
		};
		2AA233FD1D24869E001EF336 /* Debug */ = {
			isa = XCBuildConfiguration;
			buildSettings = {
				ASSETCATALOG_COMPILER_APPICON_NAME = AppIcon;
				INFOPLIST_FILE = "git-sonic/Info.plist";
				LD_RUNPATH_SEARCH_PATHS = "$(inherited) @executable_path/Frameworks";
				PRODUCT_BUNDLE_IDENTIFIER = "phonegroove.git-sonic";
				PRODUCT_NAME = "$(TARGET_NAME)";
			};
			name = Debug;
		};
		2AA233FE1D24869E001EF336 /* Release */ = {
			isa = XCBuildConfiguration;
			buildSettings = {
				ASSETCATALOG_COMPILER_APPICON_NAME = AppIcon;
				INFOPLIST_FILE = "git-sonic/Info.plist";
				LD_RUNPATH_SEARCH_PATHS = "$(inherited) @executable_path/Frameworks";
				PRODUCT_BUNDLE_IDENTIFIER = "phonegroove.git-sonic";
				PRODUCT_NAME = "$(TARGET_NAME)";
			};
			name = Release;
		};
		2AA234001D24869E001EF336 /* Debug */ = {
			isa = XCBuildConfiguration;
			buildSettings = {
				BUNDLE_LOADER = "$(TEST_HOST)";
				INFOPLIST_FILE = "git-sonicTests/Info.plist";
				LD_RUNPATH_SEARCH_PATHS = "$(inherited) @executable_path/Frameworks @loader_path/Frameworks";
				PRODUCT_BUNDLE_IDENTIFIER = "phonegroove.git-sonicTests";
				PRODUCT_NAME = "$(TARGET_NAME)";
				TEST_HOST = "$(BUILT_PRODUCTS_DIR)/git-sonic.app/git-sonic";
			};
			name = Debug;
		};
		2AA234011D24869E001EF336 /* Release */ = {
			isa = XCBuildConfiguration;
			buildSettings = {
				BUNDLE_LOADER = "$(TEST_HOST)";
				INFOPLIST_FILE = "git-sonicTests/Info.plist";
				LD_RUNPATH_SEARCH_PATHS = "$(inherited) @executable_path/Frameworks @loader_path/Frameworks";
				PRODUCT_BUNDLE_IDENTIFIER = "phonegroove.git-sonicTests";
				PRODUCT_NAME = "$(TARGET_NAME)";
				TEST_HOST = "$(BUILT_PRODUCTS_DIR)/git-sonic.app/git-sonic";
			};
			name = Release;
		};
		2AA234031D24869E001EF336 /* Debug */ = {
			isa = XCBuildConfiguration;
			buildSettings = {
				INFOPLIST_FILE = "git-sonicUITests/Info.plist";
				LD_RUNPATH_SEARCH_PATHS = "$(inherited) @executable_path/Frameworks @loader_path/Frameworks";
				PRODUCT_BUNDLE_IDENTIFIER = "phonegroove.git-sonicUITests";
				PRODUCT_NAME = "$(TARGET_NAME)";
				TEST_TARGET_NAME = "git-sonic";
			};
			name = Debug;
		};
		2AA234041D24869E001EF336 /* Release */ = {
			isa = XCBuildConfiguration;
			buildSettings = {
				INFOPLIST_FILE = "git-sonicUITests/Info.plist";
				LD_RUNPATH_SEARCH_PATHS = "$(inherited) @executable_path/Frameworks @loader_path/Frameworks";
				PRODUCT_BUNDLE_IDENTIFIER = "phonegroove.git-sonicUITests";
				PRODUCT_NAME = "$(TARGET_NAME)";
				TEST_TARGET_NAME = "git-sonic";
			};
			name = Release;
		};
/* End XCBuildConfiguration section */

/* Begin XCConfigurationList section */
		2AA233CA1D24869D001EF336 /* Build configuration list for PBXProject "git-sonic" */ = {
			isa = XCConfigurationList;
			buildConfigurations = (
				2AA233FA1D24869E001EF336 /* Debug */,
				2AA233FB1D24869E001EF336 /* Release */,
			);
			defaultConfigurationIsVisible = 0;
			defaultConfigurationName = Release;
		};
		2AA233FC1D24869E001EF336 /* Build configuration list for PBXNativeTarget "git-sonic" */ = {
			isa = XCConfigurationList;
			buildConfigurations = (
				2AA233FD1D24869E001EF336 /* Debug */,
				2AA233FE1D24869E001EF336 /* Release */,
			);
			defaultConfigurationIsVisible = 0;
		};
		2AA233FF1D24869E001EF336 /* Build configuration list for PBXNativeTarget "git-sonicTests" */ = {
			isa = XCConfigurationList;
			buildConfigurations = (
				2AA234001D24869E001EF336 /* Debug */,
				2AA234011D24869E001EF336 /* Release */,
			);
			defaultConfigurationIsVisible = 0;
		};
		2AA234021D24869E001EF336 /* Build configuration list for PBXNativeTarget "git-sonicUITests" */ = {
			isa = XCConfigurationList;
			buildConfigurations = (
				2AA234031D24869E001EF336 /* Debug */,
				2AA234041D24869E001EF336 /* Release */,
			);
			defaultConfigurationIsVisible = 0;
		};
/* End XCConfigurationList section */

/* Begin XCVersionGroup section */
		2AA233D41D24869E001EF336 /* git_sonic.xcdatamodeld */ = {
			isa = XCVersionGroup;
			children = (
				2AA233D51D24869E001EF336 /* git_sonic.xcdatamodel */,
			);
			currentVersion = 2AA233D51D24869E001EF336 /* git_sonic.xcdatamodel */;
			path = git_sonic.xcdatamodeld;
			sourceTree = "<group>";
			versionGroupType = wrapper.xcdatamodel;
		};
/* End XCVersionGroup section */
	};
	rootObject = 2AA233C71D24869D001EF336 /* Project object */;
}
