// !$*UTF8*$!
{
	archiveVersion = 1;
	classes = {
	};
	objectVersion = 46;
	objects = {

/* Begin PBXBuildFile section */
		0C5AD62B00AC9A552180EE02 /* Pods_git_sonic.framework in Frameworks */ = {isa = PBXBuildFile; fileRef = BAB0D34198636DA3300BD976 /* Pods_git_sonic.framework */; };
		2AA233D31D24869D001EF336 /* AppDelegate.swift in Sources */ = {isa = PBXBuildFile; fileRef = 2AA233D21D24869D001EF336 /* AppDelegate.swift */; };
		2AA233D61D24869E001EF336 /* git_sonic.xcdatamodeld in Sources */ = {isa = PBXBuildFile; fileRef = 2AA233D41D24869E001EF336 /* git_sonic.xcdatamodeld */; };
		2AA233D81D24869E001EF336 /* MasterViewController.swift in Sources */ = {isa = PBXBuildFile; fileRef = 2AA233D71D24869E001EF336 /* MasterViewController.swift */; };
		2AA233DA1D24869E001EF336 /* DetailViewController.swift in Sources */ = {isa = PBXBuildFile; fileRef = 2AA233D91D24869E001EF336 /* DetailViewController.swift */; };
		2AA233DD1D24869E001EF336 /* Main.storyboard in Resources */ = {isa = PBXBuildFile; fileRef = 2AA233DB1D24869E001EF336 /* Main.storyboard */; };
		2AA233DF1D24869E001EF336 /* Assets.xcassets in Resources */ = {isa = PBXBuildFile; fileRef = 2AA233DE1D24869E001EF336 /* Assets.xcassets */; };
		2AA233E21D24869E001EF336 /* LaunchScreen.storyboard in Resources */ = {isa = PBXBuildFile; fileRef = 2AA233E01D24869E001EF336 /* LaunchScreen.storyboard */; };
		2AA233ED1D24869E001EF336 /* git_sonicTests.swift in Sources */ = {isa = PBXBuildFile; fileRef = 2AA233EC1D24869E001EF336 /* git_sonicTests.swift */; };
		2AA233F81D24869E001EF336 /* git_sonicUITests.swift in Sources */ = {isa = PBXBuildFile; fileRef = 2AA233F71D24869E001EF336 /* git_sonicUITests.swift */; };
		84018C1F1D30C632009EE8A0 /* GitUpKit.framework in Frameworks */ = {isa = PBXBuildFile; fileRef = 84018C1D1D30C611009EE8A0 /* GitUpKit.framework */; };
		84018C201D30C632009EE8A0 /* GitUpKit.framework in Embed Frameworks */ = {isa = PBXBuildFile; fileRef = 84018C1D1D30C611009EE8A0 /* GitUpKit.framework */; settings = {ATTRIBUTES = (CodeSignOnCopy, RemoveHeadersOnCopy, ); }; };
		84018C241D30D2B7009EE8A0 /* GitFacade.swift in Sources */ = {isa = PBXBuildFile; fileRef = 84018C231D30D2B7009EE8A0 /* GitFacade.swift */; };
		84018C261D30DA81009EE8A0 /* GitFacadeTests.swift in Sources */ = {isa = PBXBuildFile; fileRef = 84018C251D30DA81009EE8A0 /* GitFacadeTests.swift */; };
		84F48D881D2C69BB00A0E725 /* GitUpKit.framework in Frameworks */ = {isa = PBXBuildFile; fileRef = 84F48D871D2C69BB00A0E725 /* GitUpKit.framework */; };
		84F48D8A1D2C69C300A0E725 /* GitUpKit.framework in Frameworks */ = {isa = PBXBuildFile; fileRef = 84F48D891D2C69C300A0E725 /* GitUpKit.framework */; };
		9D323945A55D1CA081480BB8 /* Pods_git_sonicTests.framework in Frameworks */ = {isa = PBXBuildFile; fileRef = 87394652556DAE410D3A96B3 /* Pods_git_sonicTests.framework */; };
		E6E33297E12A2D0565502C82 /* Pods_git_sonicUITests.framework in Frameworks */ = {isa = PBXBuildFile; fileRef = D5AA41AB157BA17E964D4966 /* Pods_git_sonicUITests.framework */; };
/* End PBXBuildFile section */

/* Begin PBXContainerItemProxy section */
		2AA233E91D24869E001EF336 /* PBXContainerItemProxy */ = {
			isa = PBXContainerItemProxy;
			containerPortal = 2AA233C71D24869D001EF336 /* Project object */;
			proxyType = 1;
			remoteGlobalIDString = 2AA233CE1D24869D001EF336;
			remoteInfo = "git-sonic";
		};
		2AA233F41D24869E001EF336 /* PBXContainerItemProxy */ = {
			isa = PBXContainerItemProxy;
			containerPortal = 2AA233C71D24869D001EF336 /* Project object */;
			proxyType = 1;
			remoteGlobalIDString = 2AA233CE1D24869D001EF336;
			remoteInfo = "git-sonic";
		};
/* End PBXContainerItemProxy section */

/* Begin PBXCopyFilesBuildPhase section */
		84018C211D30C632009EE8A0 /* Embed Frameworks */ = {
			isa = PBXCopyFilesBuildPhase;
			buildActionMask = 2147483647;
			dstPath = "";
			dstSubfolderSpec = 10;
			files = (
				84018C201D30C632009EE8A0 /* GitUpKit.framework in Embed Frameworks */,
			);
			name = "Embed Frameworks";
			runOnlyForDeploymentPostprocessing = 0;
		};
/* End PBXCopyFilesBuildPhase section */

/* Begin PBXFileReference section */
		2AA233CF1D24869D001EF336 /* git-sonic.app */ = {isa = PBXFileReference; explicitFileType = wrapper.application; includeInIndex = 0; path = "git-sonic.app"; sourceTree = BUILT_PRODUCTS_DIR; };
		2AA233D21D24869D001EF336 /* AppDelegate.swift */ = {isa = PBXFileReference; lastKnownFileType = sourcecode.swift; path = AppDelegate.swift; sourceTree = "<group>"; };
		2AA233D51D24869E001EF336 /* git_sonic.xcdatamodel */ = {isa = PBXFileReference; lastKnownFileType = wrapper.xcdatamodel; path = git_sonic.xcdatamodel; sourceTree = "<group>"; };
		2AA233D71D24869E001EF336 /* MasterViewController.swift */ = {isa = PBXFileReference; lastKnownFileType = sourcecode.swift; path = MasterViewController.swift; sourceTree = "<group>"; };
		2AA233D91D24869E001EF336 /* DetailViewController.swift */ = {isa = PBXFileReference; lastKnownFileType = sourcecode.swift; path = DetailViewController.swift; sourceTree = "<group>"; };
		2AA233DC1D24869E001EF336 /* Base */ = {isa = PBXFileReference; lastKnownFileType = file.storyboard; name = Base; path = Base.lproj/Main.storyboard; sourceTree = "<group>"; };
		2AA233DE1D24869E001EF336 /* Assets.xcassets */ = {isa = PBXFileReference; lastKnownFileType = folder.assetcatalog; path = Assets.xcassets; sourceTree = "<group>"; };
		2AA233E11D24869E001EF336 /* Base */ = {isa = PBXFileReference; lastKnownFileType = file.storyboard; name = Base; path = Base.lproj/LaunchScreen.storyboard; sourceTree = "<group>"; };
		2AA233E31D24869E001EF336 /* Info.plist */ = {isa = PBXFileReference; lastKnownFileType = text.plist.xml; path = Info.plist; sourceTree = "<group>"; };
		2AA233E81D24869E001EF336 /* git-sonicTests.xctest */ = {isa = PBXFileReference; explicitFileType = wrapper.cfbundle; includeInIndex = 0; path = "git-sonicTests.xctest"; sourceTree = BUILT_PRODUCTS_DIR; };
		2AA233EC1D24869E001EF336 /* git_sonicTests.swift */ = {isa = PBXFileReference; lastKnownFileType = sourcecode.swift; path = git_sonicTests.swift; sourceTree = "<group>"; };
		2AA233EE1D24869E001EF336 /* Info.plist */ = {isa = PBXFileReference; lastKnownFileType = text.plist.xml; path = Info.plist; sourceTree = "<group>"; };
		2AA233F31D24869E001EF336 /* git-sonicUITests.xctest */ = {isa = PBXFileReference; explicitFileType = wrapper.cfbundle; includeInIndex = 0; path = "git-sonicUITests.xctest"; sourceTree = BUILT_PRODUCTS_DIR; };
		2AA233F71D24869E001EF336 /* git_sonicUITests.swift */ = {isa = PBXFileReference; lastKnownFileType = sourcecode.swift; path = git_sonicUITests.swift; sourceTree = "<group>"; };
		2AA233F91D24869E001EF336 /* Info.plist */ = {isa = PBXFileReference; lastKnownFileType = text.plist.xml; path = Info.plist; sourceTree = "<group>"; };
		41BE51156452BE2EDB9BB5EC /* Pods-git-sonic.release.xcconfig */ = {isa = PBXFileReference; includeInIndex = 1; lastKnownFileType = text.xcconfig; name = "Pods-git-sonic.release.xcconfig"; path = "Pods/Target Support Files/Pods-git-sonic/Pods-git-sonic.release.xcconfig"; sourceTree = "<group>"; };
		4E68161997FFC03040267EAE /* Pods-git-sonicTests.debug.xcconfig */ = {isa = PBXFileReference; includeInIndex = 1; lastKnownFileType = text.xcconfig; name = "Pods-git-sonicTests.debug.xcconfig"; path = "Pods/Target Support Files/Pods-git-sonicTests/Pods-git-sonicTests.debug.xcconfig"; sourceTree = "<group>"; };
		5E48A3791D2D0C000007DDE2 /* git_sonic-Bridging-Header.h */ = {isa = PBXFileReference; fileEncoding = 4; lastKnownFileType = sourcecode.c.h; path = "git_sonic-Bridging-Header.h"; sourceTree = "<group>"; };
		5E48A37A1D2D0CCF0007DDE2 /* libpd.framework */ = {isa = PBXFileReference; lastKnownFileType = wrapper.framework; name = libpd.framework; path = "../../Library/Developer/Xcode/DerivedData/git-sonic-gfqbrzfmkoxzizfxhpaurkfaazmx/Build/Products/Debug-iphonesimulator/libpd/libpd.framework"; sourceTree = "<group>"; };
		7A2DCE72E27FC3791DA90287 /* Pods-git-sonicUITests.debug.xcconfig */ = {isa = PBXFileReference; includeInIndex = 1; lastKnownFileType = text.xcconfig; name = "Pods-git-sonicUITests.debug.xcconfig"; path = "Pods/Target Support Files/Pods-git-sonicUITests/Pods-git-sonicUITests.debug.xcconfig"; sourceTree = "<group>"; };
		84018C1D1D30C611009EE8A0 /* GitUpKit.framework */ = {isa = PBXFileReference; lastKnownFileType = wrapper.framework; name = GitUpKit.framework; path = "../../../Library/Developer/Xcode/DerivedData/git-sonic-esjtqodwdwjtwmebdjmkmgxlvghq/Build/Products/Debug-iphonesimulator/GitUpKit.framework"; sourceTree = "<group>"; };
		84018C231D30D2B7009EE8A0 /* GitFacade.swift */ = {isa = PBXFileReference; fileEncoding = 4; lastKnownFileType = sourcecode.swift; path = GitFacade.swift; sourceTree = "<group>"; };
		84018C251D30DA81009EE8A0 /* GitFacadeTests.swift */ = {isa = PBXFileReference; fileEncoding = 4; lastKnownFileType = sourcecode.swift; path = GitFacadeTests.swift; sourceTree = "<group>"; };
		84F48D871D2C69BB00A0E725 /* GitUpKit.framework */ = {isa = PBXFileReference; lastKnownFileType = wrapper.framework; name = GitUpKit.framework; path = "Submodules/GitUp/GitUpKit/build/Debug-iphoneos/GitUpKit.framework"; sourceTree = "<group>"; };
		84F48D891D2C69C300A0E725 /* GitUpKit.framework */ = {isa = PBXFileReference; lastKnownFileType = wrapper.framework; name = GitUpKit.framework; path = "Submodules/GitUp/GitUpKit/build/Debug-iphoneos/GitUpKit.framework"; sourceTree = "<group>"; };
		87394652556DAE410D3A96B3 /* Pods_git_sonicTests.framework */ = {isa = PBXFileReference; explicitFileType = wrapper.framework; includeInIndex = 0; path = Pods_git_sonicTests.framework; sourceTree = BUILT_PRODUCTS_DIR; };
		90FEE96CF21E004E3ED20B21 /* Pods-git-sonicUITests.release.xcconfig */ = {isa = PBXFileReference; includeInIndex = 1; lastKnownFileType = text.xcconfig; name = "Pods-git-sonicUITests.release.xcconfig"; path = "Pods/Target Support Files/Pods-git-sonicUITests/Pods-git-sonicUITests.release.xcconfig"; sourceTree = "<group>"; };
		A8927ACD30DA88560F1C823E /* Pods-git-sonic.debug.xcconfig */ = {isa = PBXFileReference; includeInIndex = 1; lastKnownFileType = text.xcconfig; name = "Pods-git-sonic.debug.xcconfig"; path = "Pods/Target Support Files/Pods-git-sonic/Pods-git-sonic.debug.xcconfig"; sourceTree = "<group>"; };
		BAB0D34198636DA3300BD976 /* Pods_git_sonic.framework */ = {isa = PBXFileReference; explicitFileType = wrapper.framework; includeInIndex = 0; path = Pods_git_sonic.framework; sourceTree = BUILT_PRODUCTS_DIR; };
		BD92E06D2F0806DC8AB1C6AB /* Pods-git-sonicTests.release.xcconfig */ = {isa = PBXFileReference; includeInIndex = 1; lastKnownFileType = text.xcconfig; name = "Pods-git-sonicTests.release.xcconfig"; path = "Pods/Target Support Files/Pods-git-sonicTests/Pods-git-sonicTests.release.xcconfig"; sourceTree = "<group>"; };
		D5AA41AB157BA17E964D4966 /* Pods_git_sonicUITests.framework */ = {isa = PBXFileReference; explicitFileType = wrapper.framework; includeInIndex = 0; path = Pods_git_sonicUITests.framework; sourceTree = BUILT_PRODUCTS_DIR; };
/* End PBXFileReference section */

/* Begin PBXFrameworksBuildPhase section */
		2AA233CC1D24869D001EF336 /* Frameworks */ = {
			isa = PBXFrameworksBuildPhase;
			buildActionMask = 2147483647;
			files = (
				84018C1F1D30C632009EE8A0 /* GitUpKit.framework in Frameworks */,
				0C5AD62B00AC9A552180EE02 /* Pods_git_sonic.framework in Frameworks */,
			);
			runOnlyForDeploymentPostprocessing = 0;
		};
		2AA233E51D24869E001EF336 /* Frameworks */ = {
			isa = PBXFrameworksBuildPhase;
			buildActionMask = 2147483647;
			files = (
				84F48D881D2C69BB00A0E725 /* GitUpKit.framework in Frameworks */,
				9D323945A55D1CA081480BB8 /* Pods_git_sonicTests.framework in Frameworks */,
			);
			runOnlyForDeploymentPostprocessing = 0;
		};
		2AA233F01D24869E001EF336 /* Frameworks */ = {
			isa = PBXFrameworksBuildPhase;
			buildActionMask = 2147483647;
			files = (
				84F48D8A1D2C69C300A0E725 /* GitUpKit.framework in Frameworks */,
				E6E33297E12A2D0565502C82 /* Pods_git_sonicUITests.framework in Frameworks */,
			);
			runOnlyForDeploymentPostprocessing = 0;
		};
/* End PBXFrameworksBuildPhase section */

/* Begin PBXGroup section */
		2AA233C61D24869D001EF336 = {
			isa = PBXGroup;
			children = (
				2AA233D11D24869D001EF336 /* git-sonic */,
				2AA233EB1D24869E001EF336 /* git-sonicTests */,
				2AA233F61D24869E001EF336 /* git-sonicUITests */,
				2AA233D01D24869D001EF336 /* Products */,
				D54C33C8AD9E1EEF508E67B8 /* Pods */,
				A2B07367AFD56F863787E6DD /* Frameworks */,
			);
			sourceTree = "<group>";
		};
		2AA233D01D24869D001EF336 /* Products */ = {
			isa = PBXGroup;
			children = (
				2AA233CF1D24869D001EF336 /* git-sonic.app */,
				2AA233E81D24869E001EF336 /* git-sonicTests.xctest */,
				2AA233F31D24869E001EF336 /* git-sonicUITests.xctest */,
			);
			name = Products;
			sourceTree = "<group>";
		};
		2AA233D11D24869D001EF336 /* git-sonic */ = {
			isa = PBXGroup;
			children = (
				2AA233D21D24869D001EF336 /* AppDelegate.swift */,
				2AA233D71D24869E001EF336 /* MasterViewController.swift */,
				5E48A3791D2D0C000007DDE2 /* git_sonic-Bridging-Header.h */,
				2AA233D91D24869E001EF336 /* DetailViewController.swift */,
				84018C231D30D2B7009EE8A0 /* GitFacade.swift */,
				2AA233DB1D24869E001EF336 /* Main.storyboard */,
				2AA233DE1D24869E001EF336 /* Assets.xcassets */,
				2AA233E01D24869E001EF336 /* LaunchScreen.storyboard */,
				2AA233E31D24869E001EF336 /* Info.plist */,
				2AA233D41D24869E001EF336 /* git_sonic.xcdatamodeld */,
			);
			path = "git-sonic";
			sourceTree = "<group>";
		};
		2AA233EB1D24869E001EF336 /* git-sonicTests */ = {
			isa = PBXGroup;
			children = (
				2AA233EC1D24869E001EF336 /* git_sonicTests.swift */,
				84018C251D30DA81009EE8A0 /* GitFacadeTests.swift */,
				2AA233EE1D24869E001EF336 /* Info.plist */,
			);
			path = "git-sonicTests";
			sourceTree = "<group>";
		};
		2AA233F61D24869E001EF336 /* git-sonicUITests */ = {
			isa = PBXGroup;
			children = (
				2AA233F71D24869E001EF336 /* git_sonicUITests.swift */,
				2AA233F91D24869E001EF336 /* Info.plist */,
			);
			path = "git-sonicUITests";
			sourceTree = "<group>";
		};
		A2B07367AFD56F863787E6DD /* Frameworks */ = {
			isa = PBXGroup;
			children = (
				84018C1D1D30C611009EE8A0 /* GitUpKit.framework */,
				5E48A37A1D2D0CCF0007DDE2 /* libpd.framework */,
				84F48D891D2C69C300A0E725 /* GitUpKit.framework */,
				84F48D871D2C69BB00A0E725 /* GitUpKit.framework */,
				BAB0D34198636DA3300BD976 /* Pods_git_sonic.framework */,
				87394652556DAE410D3A96B3 /* Pods_git_sonicTests.framework */,
				D5AA41AB157BA17E964D4966 /* Pods_git_sonicUITests.framework */,
			);
			name = Frameworks;
			sourceTree = "<group>";
		};
		D54C33C8AD9E1EEF508E67B8 /* Pods */ = {
			isa = PBXGroup;
			children = (
				A8927ACD30DA88560F1C823E /* Pods-git-sonic.debug.xcconfig */,
				41BE51156452BE2EDB9BB5EC /* Pods-git-sonic.release.xcconfig */,
				4E68161997FFC03040267EAE /* Pods-git-sonicTests.debug.xcconfig */,
				BD92E06D2F0806DC8AB1C6AB /* Pods-git-sonicTests.release.xcconfig */,
				7A2DCE72E27FC3791DA90287 /* Pods-git-sonicUITests.debug.xcconfig */,
				90FEE96CF21E004E3ED20B21 /* Pods-git-sonicUITests.release.xcconfig */,
			);
			name = Pods;
			sourceTree = "<group>";
		};
/* End PBXGroup section */

/* Begin PBXNativeTarget section */
		2AA233CE1D24869D001EF336 /* git-sonic */ = {
			isa = PBXNativeTarget;
			buildConfigurationList = 2AA233FC1D24869E001EF336 /* Build configuration list for PBXNativeTarget "git-sonic" */;
			buildPhases = (
				CE23F3B5B1878D5B08830C1D /* [CP] Check Pods Manifest.lock */,
				2AA233CB1D24869D001EF336 /* Sources */,
				2AA233CC1D24869D001EF336 /* Frameworks */,
				2AA233CD1D24869D001EF336 /* Resources */,
				0461C094FAE303079173C483 /* [CP] Embed Pods Frameworks */,
				C9C3A91ED267EC46E3374DA0 /* [CP] Copy Pods Resources */,
				84018C211D30C632009EE8A0 /* Embed Frameworks */,
			);
			buildRules = (
			);
			dependencies = (
			);
			name = "git-sonic";
			productName = "git-sonic";
			productReference = 2AA233CF1D24869D001EF336 /* git-sonic.app */;
			productType = "com.apple.product-type.application";
		};
		2AA233E71D24869E001EF336 /* git-sonicTests */ = {
			isa = PBXNativeTarget;
			buildConfigurationList = 2AA233FF1D24869E001EF336 /* Build configuration list for PBXNativeTarget "git-sonicTests" */;
			buildPhases = (
				E607B0D16853630A6BC1B883 /* [CP] Check Pods Manifest.lock */,
				2AA233E41D24869E001EF336 /* Sources */,
				2AA233E51D24869E001EF336 /* Frameworks */,
				2AA233E61D24869E001EF336 /* Resources */,
				CC6694948FE000DC480CC10F /* [CP] Embed Pods Frameworks */,
				7BFEFB31596702A0857E08AE /* [CP] Copy Pods Resources */,
			);
			buildRules = (
			);
			dependencies = (
				2AA233EA1D24869E001EF336 /* PBXTargetDependency */,
			);
			name = "git-sonicTests";
			productName = "git-sonicTests";
			productReference = 2AA233E81D24869E001EF336 /* git-sonicTests.xctest */;
			productType = "com.apple.product-type.bundle.unit-test";
		};
		2AA233F21D24869E001EF336 /* git-sonicUITests */ = {
			isa = PBXNativeTarget;
			buildConfigurationList = 2AA234021D24869E001EF336 /* Build configuration list for PBXNativeTarget "git-sonicUITests" */;
			buildPhases = (
				EB6EC7A52D4C024D7C270E82 /* [CP] Check Pods Manifest.lock */,
				2AA233EF1D24869E001EF336 /* Sources */,
				2AA233F01D24869E001EF336 /* Frameworks */,
				2AA233F11D24869E001EF336 /* Resources */,
				1A86FB80CD786769EF46744F /* [CP] Copy Pods Resources */,
			);
			buildRules = (
			);
			dependencies = (
				2AA233F51D24869E001EF336 /* PBXTargetDependency */,
			);
			name = "git-sonicUITests";
			productName = "git-sonicUITests";
			productReference = 2AA233F31D24869E001EF336 /* git-sonicUITests.xctest */;
			productType = "com.apple.product-type.bundle.ui-testing";
		};
/* End PBXNativeTarget section */

/* Begin PBXProject section */
		2AA233C71D24869D001EF336 /* Project object */ = {
			isa = PBXProject;
			attributes = {
				LastSwiftUpdateCheck = 0730;
				LastUpgradeCheck = 0730;
				ORGANIZATIONNAME = phonegroove;
				TargetAttributes = {
					2AA233CE1D24869D001EF336 = {
						CreatedOnToolsVersion = 7.3.1;
					};
					2AA233E71D24869E001EF336 = {
						CreatedOnToolsVersion = 7.3.1;
						TestTargetID = 2AA233CE1D24869D001EF336;
					};
					2AA233F21D24869E001EF336 = {
						CreatedOnToolsVersion = 7.3.1;
						TestTargetID = 2AA233CE1D24869D001EF336;
					};
				};
			};
			buildConfigurationList = 2AA233CA1D24869D001EF336 /* Build configuration list for PBXProject "git-sonic" */;
			compatibilityVersion = "Xcode 3.2";
			developmentRegion = English;
			hasScannedForEncodings = 0;
			knownRegions = (
				en,
				Base,
			);
			mainGroup = 2AA233C61D24869D001EF336;
			productRefGroup = 2AA233D01D24869D001EF336 /* Products */;
			projectDirPath = "";
			projectRoot = "";
			targets = (
				2AA233CE1D24869D001EF336 /* git-sonic */,
				2AA233E71D24869E001EF336 /* git-sonicTests */,
				2AA233F21D24869E001EF336 /* git-sonicUITests */,
			);
		};
/* End PBXProject section */

/* Begin PBXResourcesBuildPhase section */
		2AA233CD1D24869D001EF336 /* Resources */ = {
			isa = PBXResourcesBuildPhase;
			buildActionMask = 2147483647;
			files = (
				2AA233E21D24869E001EF336 /* LaunchScreen.storyboard in Resources */,
				2AA233DF1D24869E001EF336 /* Assets.xcassets in Resources */,
				2AA233DD1D24869E001EF336 /* Main.storyboard in Resources */,
			);
			runOnlyForDeploymentPostprocessing = 0;
		};
		2AA233E61D24869E001EF336 /* Resources */ = {
			isa = PBXResourcesBuildPhase;
			buildActionMask = 2147483647;
			files = (
			);
			runOnlyForDeploymentPostprocessing = 0;
		};
		2AA233F11D24869E001EF336 /* Resources */ = {
			isa = PBXResourcesBuildPhase;
			buildActionMask = 2147483647;
			files = (
			);
			runOnlyForDeploymentPostprocessing = 0;
		};
/* End PBXResourcesBuildPhase section */

/* Begin PBXShellScriptBuildPhase section */
		0461C094FAE303079173C483 /* [CP] Embed Pods Frameworks */ = {
			isa = PBXShellScriptBuildPhase;
			buildActionMask = 2147483647;
			files = (
			);
			inputPaths = (
			);
			name = "[CP] Embed Pods Frameworks";
			outputPaths = (
			);
			runOnlyForDeploymentPostprocessing = 0;
			shellPath = /bin/sh;
			shellScript = "\"${SRCROOT}/Pods/Target Support Files/Pods-git-sonic/Pods-git-sonic-frameworks.sh\"\n";
			showEnvVarsInLog = 0;
		};
		1A86FB80CD786769EF46744F /* [CP] Copy Pods Resources */ = {
			isa = PBXShellScriptBuildPhase;
			buildActionMask = 2147483647;
			files = (
			);
			inputPaths = (
			);
			name = "[CP] Copy Pods Resources";
			outputPaths = (
			);
			runOnlyForDeploymentPostprocessing = 0;
			shellPath = /bin/sh;
			shellScript = "\"${SRCROOT}/Pods/Target Support Files/Pods-git-sonicUITests/Pods-git-sonicUITests-resources.sh\"\n";
			showEnvVarsInLog = 0;
		};
		7BFEFB31596702A0857E08AE /* [CP] Copy Pods Resources */ = {
			isa = PBXShellScriptBuildPhase;
			buildActionMask = 2147483647;
			files = (
			);
			inputPaths = (
			);
			name = "[CP] Copy Pods Resources";
			outputPaths = (
			);
			runOnlyForDeploymentPostprocessing = 0;
			shellPath = /bin/sh;
			shellScript = "\"${SRCROOT}/Pods/Target Support Files/Pods-git-sonicTests/Pods-git-sonicTests-resources.sh\"\n";
			showEnvVarsInLog = 0;
		};
		C9C3A91ED267EC46E3374DA0 /* [CP] Copy Pods Resources */ = {
			isa = PBXShellScriptBuildPhase;
			buildActionMask = 2147483647;
			files = (
			);
			inputPaths = (
			);
			name = "[CP] Copy Pods Resources";
			outputPaths = (
			);
			runOnlyForDeploymentPostprocessing = 0;
			shellPath = /bin/sh;
			shellScript = "\"${SRCROOT}/Pods/Target Support Files/Pods-git-sonic/Pods-git-sonic-resources.sh\"\n";
			showEnvVarsInLog = 0;
		};
		CC6694948FE000DC480CC10F /* [CP] Embed Pods Frameworks */ = {
			isa = PBXShellScriptBuildPhase;
			buildActionMask = 2147483647;
			files = (
			);
			inputPaths = (
			);
			name = "[CP] Embed Pods Frameworks";
			outputPaths = (
			);
			runOnlyForDeploymentPostprocessing = 0;
			shellPath = /bin/sh;
			shellScript = "\"${SRCROOT}/Pods/Target Support Files/Pods-git-sonicTests/Pods-git-sonicTests-frameworks.sh\"\n";
			showEnvVarsInLog = 0;
		};
		CE23F3B5B1878D5B08830C1D /* [CP] Check Pods Manifest.lock */ = {
			isa = PBXShellScriptBuildPhase;
			buildActionMask = 2147483647;
			files = (
			);
			inputPaths = (
			);
			name = "[CP] Check Pods Manifest.lock";
			outputPaths = (
			);
			runOnlyForDeploymentPostprocessing = 0;
			shellPath = /bin/sh;
			shellScript = "diff \"${PODS_ROOT}/../Podfile.lock\" \"${PODS_ROOT}/Manifest.lock\" > /dev/null\nif [[ $? != 0 ]] ; then\n    cat << EOM\nerror: The sandbox is not in sync with the Podfile.lock. Run 'pod install' or update your CocoaPods installation.\nEOM\n    exit 1\nfi\n";
			showEnvVarsInLog = 0;
		};
		E607B0D16853630A6BC1B883 /* [CP] Check Pods Manifest.lock */ = {
			isa = PBXShellScriptBuildPhase;
			buildActionMask = 2147483647;
			files = (
			);
			inputPaths = (
			);
			name = "[CP] Check Pods Manifest.lock";
			outputPaths = (
			);
			runOnlyForDeploymentPostprocessing = 0;
			shellPath = /bin/sh;
			shellScript = "diff \"${PODS_ROOT}/../Podfile.lock\" \"${PODS_ROOT}/Manifest.lock\" > /dev/null\nif [[ $? != 0 ]] ; then\n    cat << EOM\nerror: The sandbox is not in sync with the Podfile.lock. Run 'pod install' or update your CocoaPods installation.\nEOM\n    exit 1\nfi\n";
			showEnvVarsInLog = 0;
		};
		EB6EC7A52D4C024D7C270E82 /* [CP] Check Pods Manifest.lock */ = {
			isa = PBXShellScriptBuildPhase;
			buildActionMask = 2147483647;
			files = (
			);
			inputPaths = (
			);
			name = "[CP] Check Pods Manifest.lock";
			outputPaths = (
			);
			runOnlyForDeploymentPostprocessing = 0;
			shellPath = /bin/sh;
			shellScript = "diff \"${PODS_ROOT}/../Podfile.lock\" \"${PODS_ROOT}/Manifest.lock\" > /dev/null\nif [[ $? != 0 ]] ; then\n    cat << EOM\nerror: The sandbox is not in sync with the Podfile.lock. Run 'pod install' or update your CocoaPods installation.\nEOM\n    exit 1\nfi\n";
			showEnvVarsInLog = 0;
		};
/* End PBXShellScriptBuildPhase section */

/* Begin PBXSourcesBuildPhase section */
		2AA233CB1D24869D001EF336 /* Sources */ = {
			isa = PBXSourcesBuildPhase;
			buildActionMask = 2147483647;
			files = (
				2AA233D31D24869D001EF336 /* AppDelegate.swift in Sources */,
				2AA233D61D24869E001EF336 /* git_sonic.xcdatamodeld in Sources */,
				2AA233D81D24869E001EF336 /* MasterViewController.swift in Sources */,
				84018C241D30D2B7009EE8A0 /* GitFacade.swift in Sources */,
				2AA233DA1D24869E001EF336 /* DetailViewController.swift in Sources */,
			);
			runOnlyForDeploymentPostprocessing = 0;
		};
		2AA233E41D24869E001EF336 /* Sources */ = {
			isa = PBXSourcesBuildPhase;
			buildActionMask = 2147483647;
			files = (
				84018C261D30DA81009EE8A0 /* GitFacadeTests.swift in Sources */,
				2AA233ED1D24869E001EF336 /* git_sonicTests.swift in Sources */,
			);
			runOnlyForDeploymentPostprocessing = 0;
		};
		2AA233EF1D24869E001EF336 /* Sources */ = {
			isa = PBXSourcesBuildPhase;
			buildActionMask = 2147483647;
			files = (
				2AA233F81D24869E001EF336 /* git_sonicUITests.swift in Sources */,
			);
			runOnlyForDeploymentPostprocessing = 0;
		};
/* End PBXSourcesBuildPhase section */

/* Begin PBXTargetDependency section */
		2AA233EA1D24869E001EF336 /* PBXTargetDependency */ = {
			isa = PBXTargetDependency;
			target = 2AA233CE1D24869D001EF336 /* git-sonic */;
			targetProxy = 2AA233E91D24869E001EF336 /* PBXContainerItemProxy */;
		};
		2AA233F51D24869E001EF336 /* PBXTargetDependency */ = {
			isa = PBXTargetDependency;
			target = 2AA233CE1D24869D001EF336 /* git-sonic */;
			targetProxy = 2AA233F41D24869E001EF336 /* PBXContainerItemProxy */;
		};
/* End PBXTargetDependency section */

/* Begin PBXVariantGroup section */
		2AA233DB1D24869E001EF336 /* Main.storyboard */ = {
			isa = PBXVariantGroup;
			children = (
				2AA233DC1D24869E001EF336 /* Base */,
			);
			name = Main.storyboard;
			sourceTree = "<group>";
		};
		2AA233E01D24869E001EF336 /* LaunchScreen.storyboard */ = {
			isa = PBXVariantGroup;
			children = (
				2AA233E11D24869E001EF336 /* Base */,
			);
			name = LaunchScreen.storyboard;
			sourceTree = "<group>";
		};
/* End PBXVariantGroup section */

/* Begin XCBuildConfiguration section */
		2AA233FA1D24869E001EF336 /* Debug */ = {
			isa = XCBuildConfiguration;
			buildSettings = {
				ALWAYS_SEARCH_USER_PATHS = NO;
				CLANG_ANALYZER_NONNULL = YES;
				CLANG_CXX_LANGUAGE_STANDARD = "gnu++0x";
				CLANG_CXX_LIBRARY = "libc++";
				CLANG_ENABLE_MODULES = YES;
				CLANG_ENABLE_OBJC_ARC = YES;
				CLANG_WARN_BOOL_CONVERSION = YES;
				CLANG_WARN_CONSTANT_CONVERSION = YES;
				CLANG_WARN_DIRECT_OBJC_ISA_USAGE = YES_ERROR;
				CLANG_WARN_EMPTY_BODY = YES;
				CLANG_WARN_ENUM_CONVERSION = YES;
				CLANG_WARN_INT_CONVERSION = YES;
				CLANG_WARN_OBJC_ROOT_CLASS = YES_ERROR;
				CLANG_WARN_UNREACHABLE_CODE = YES;
				CLANG_WARN__DUPLICATE_METHOD_MATCH = YES;
				"CODE_SIGN_IDENTITY[sdk=iphoneos*]" = "iPhone Developer";
				COPY_PHASE_STRIP = NO;
				DEBUG_INFORMATION_FORMAT = dwarf;
				ENABLE_STRICT_OBJC_MSGSEND = YES;
				ENABLE_TESTABILITY = YES;
				GCC_C_LANGUAGE_STANDARD = gnu99;
				GCC_DYNAMIC_NO_PIC = NO;
				GCC_NO_COMMON_BLOCKS = YES;
				GCC_OPTIMIZATION_LEVEL = 0;
				GCC_PREPROCESSOR_DEFINITIONS = (
					"DEBUG=1",
					"$(inherited)",
				);
				GCC_WARN_64_TO_32_BIT_CONVERSION = YES;
				GCC_WARN_ABOUT_RETURN_TYPE = YES_ERROR;
				GCC_WARN_UNDECLARED_SELECTOR = YES;
				GCC_WARN_UNINITIALIZED_AUTOS = YES_AGGRESSIVE;
				GCC_WARN_UNUSED_FUNCTION = YES;
				GCC_WARN_UNUSED_VARIABLE = YES;
				IPHONEOS_DEPLOYMENT_TARGET = 9.3;
				MTL_ENABLE_DEBUG_INFO = YES;
				ONLY_ACTIVE_ARCH = YES;
				SDKROOT = iphoneos;
				SWIFT_OPTIMIZATION_LEVEL = "-Onone";
				TARGETED_DEVICE_FAMILY = "1,2";
			};
			name = Debug;
		};
		2AA233FB1D24869E001EF336 /* Release */ = {
			isa = XCBuildConfiguration;
			buildSettings = {
				ALWAYS_SEARCH_USER_PATHS = NO;
				CLANG_ANALYZER_NONNULL = YES;
				CLANG_CXX_LANGUAGE_STANDARD = "gnu++0x";
				CLANG_CXX_LIBRARY = "libc++";
				CLANG_ENABLE_MODULES = YES;
				CLANG_ENABLE_OBJC_ARC = YES;
				CLANG_WARN_BOOL_CONVERSION = YES;
				CLANG_WARN_CONSTANT_CONVERSION = YES;
				CLANG_WARN_DIRECT_OBJC_ISA_USAGE = YES_ERROR;
				CLANG_WARN_EMPTY_BODY = YES;
				CLANG_WARN_ENUM_CONVERSION = YES;
				CLANG_WARN_INT_CONVERSION = YES;
				CLANG_WARN_OBJC_ROOT_CLASS = YES_ERROR;
				CLANG_WARN_UNREACHABLE_CODE = YES;
				CLANG_WARN__DUPLICATE_METHOD_MATCH = YES;
				"CODE_SIGN_IDENTITY[sdk=iphoneos*]" = "iPhone Developer";
				COPY_PHASE_STRIP = NO;
				DEBUG_INFORMATION_FORMAT = "dwarf-with-dsym";
				ENABLE_NS_ASSERTIONS = NO;
				ENABLE_STRICT_OBJC_MSGSEND = YES;
				GCC_C_LANGUAGE_STANDARD = gnu99;
				GCC_NO_COMMON_BLOCKS = YES;
				GCC_WARN_64_TO_32_BIT_CONVERSION = YES;
				GCC_WARN_ABOUT_RETURN_TYPE = YES_ERROR;
				GCC_WARN_UNDECLARED_SELECTOR = YES;
				GCC_WARN_UNINITIALIZED_AUTOS = YES_AGGRESSIVE;
				GCC_WARN_UNUSED_FUNCTION = YES;
				GCC_WARN_UNUSED_VARIABLE = YES;
				IPHONEOS_DEPLOYMENT_TARGET = 9.3;
				MTL_ENABLE_DEBUG_INFO = NO;
				SDKROOT = iphoneos;
				TARGETED_DEVICE_FAMILY = "1,2";
				VALIDATE_PRODUCT = YES;
			};
			name = Release;
		};
		2AA233FD1D24869E001EF336 /* Debug */ = {
			isa = XCBuildConfiguration;
			baseConfigurationReference = A8927ACD30DA88560F1C823E /* Pods-git-sonic.debug.xcconfig */;
			buildSettings = {
				ASSETCATALOG_COMPILER_APPICON_NAME = AppIcon;
				FRAMEWORK_SEARCH_PATHS = (
					"$(inherited)",
					"$(PROJECT_DIR)/Submodules/GitUp/GitUpKit/build/Debug-iphoneos",
				);
				HEADER_SEARCH_PATHS = Pods/libpd/objc;
				INFOPLIST_FILE = "git-sonic/Info.plist";
				LD_RUNPATH_SEARCH_PATHS = "$(inherited) @executable_path/Frameworks";
				PRODUCT_BUNDLE_IDENTIFIER = "phonegroove.git-sonic";
				PRODUCT_NAME = "$(TARGET_NAME)";
				SWIFT_OBJC_BRIDGING_HEADER = "$(PROJECT_DIR)/git-sonic/git_sonic-Bridging-Header.h";
			};
			name = Debug;
		};
		2AA233FE1D24869E001EF336 /* Release */ = {
			isa = XCBuildConfiguration;
			baseConfigurationReference = 41BE51156452BE2EDB9BB5EC /* Pods-git-sonic.release.xcconfig */;
			buildSettings = {
				ASSETCATALOG_COMPILER_APPICON_NAME = AppIcon;
				FRAMEWORK_SEARCH_PATHS = (
					"$(inherited)",
					"$(PROJECT_DIR)/Submodules/GitUp/GitUpKit/build/Debug-iphoneos",
				);
				HEADER_SEARCH_PATHS = Pods/libpd/objc;
				INFOPLIST_FILE = "git-sonic/Info.plist";
				LD_RUNPATH_SEARCH_PATHS = "$(inherited) @executable_path/Frameworks";
				PRODUCT_BUNDLE_IDENTIFIER = "phonegroove.git-sonic";
				PRODUCT_NAME = "$(TARGET_NAME)";
				SWIFT_OBJC_BRIDGING_HEADER = "$(PROJECT_DIR)/git-sonic/git_sonic-Bridging-Header.h";
			};
			name = Release;
		};
		2AA234001D24869E001EF336 /* Debug */ = {
			isa = XCBuildConfiguration;
			baseConfigurationReference = 4E68161997FFC03040267EAE /* Pods-git-sonicTests.debug.xcconfig */;
			buildSettings = {
				BUNDLE_LOADER = "$(TEST_HOST)";
				FRAMEWORK_SEARCH_PATHS = (
					"$(inherited)",
					"$(PROJECT_DIR)/Submodules/GitUp/GitUpKit/build/Debug-iphoneos",
				);
				INFOPLIST_FILE = "git-sonicTests/Info.plist";
				LD_RUNPATH_SEARCH_PATHS = "$(inherited) @executable_path/Frameworks @loader_path/Frameworks";
				PRODUCT_BUNDLE_IDENTIFIER = "phonegroove.git-sonicTests";
				PRODUCT_NAME = "$(TARGET_NAME)";
				SWIFT_OBJC_BRIDGING_HEADER = "$(PROJECT_DIR)/git-sonic/git_sonic-Bridging-Header.h";
				TEST_HOST = "$(BUILT_PRODUCTS_DIR)/git-sonic.app/git-sonic";
				USER_HEADER_SEARCH_PATHS = Pods/libpd/objc;
			};
			name = Debug;
		};
		2AA234011D24869E001EF336 /* Release */ = {
			isa = XCBuildConfiguration;
			baseConfigurationReference = BD92E06D2F0806DC8AB1C6AB /* Pods-git-sonicTests.release.xcconfig */;
			buildSettings = {
				BUNDLE_LOADER = "$(TEST_HOST)";
				FRAMEWORK_SEARCH_PATHS = (
					"$(inherited)",
					"$(PROJECT_DIR)/Submodules/GitUp/GitUpKit/build/Debug-iphoneos",
				);
				INFOPLIST_FILE = "git-sonicTests/Info.plist";
				LD_RUNPATH_SEARCH_PATHS = "$(inherited) @executable_path/Frameworks @loader_path/Frameworks";
				PRODUCT_BUNDLE_IDENTIFIER = "phonegroove.git-sonicTests";
				PRODUCT_NAME = "$(TARGET_NAME)";
				SWIFT_OBJC_BRIDGING_HEADER = "$(PROJECT_DIR)/git-sonic/git_sonic-Bridging-Header.h";
				TEST_HOST = "$(BUILT_PRODUCTS_DIR)/git-sonic.app/git-sonic";
				USER_HEADER_SEARCH_PATHS = Pods/libpd/objc;
			};
			name = Release;
		};
		2AA234031D24869E001EF336 /* Debug */ = {
			isa = XCBuildConfiguration;
			baseConfigurationReference = 7A2DCE72E27FC3791DA90287 /* Pods-git-sonicUITests.debug.xcconfig */;
			buildSettings = {
				FRAMEWORK_SEARCH_PATHS = (
					"$(inherited)",
					"$(PROJECT_DIR)/Submodules/GitUp/GitUpKit/build/Debug-iphoneos",
				);
				INFOPLIST_FILE = "git-sonicUITests/Info.plist";
				LD_RUNPATH_SEARCH_PATHS = "$(inherited) @executable_path/Frameworks @loader_path/Frameworks";
				PRODUCT_BUNDLE_IDENTIFIER = "phonegroove.git-sonicUITests";
				PRODUCT_NAME = "$(TARGET_NAME)";
				TEST_TARGET_NAME = "git-sonic";
			};
			name = Debug;
		};
		2AA234041D24869E001EF336 /* Release */ = {
			isa = XCBuildConfiguration;
			baseConfigurationReference = 90FEE96CF21E004E3ED20B21 /* Pods-git-sonicUITests.release.xcconfig */;
			buildSettings = {
				FRAMEWORK_SEARCH_PATHS = (
					"$(inherited)",
					"$(PROJECT_DIR)/Submodules/GitUp/GitUpKit/build/Debug-iphoneos",
				);
				INFOPLIST_FILE = "git-sonicUITests/Info.plist";
				LD_RUNPATH_SEARCH_PATHS = "$(inherited) @executable_path/Frameworks @loader_path/Frameworks";
				PRODUCT_BUNDLE_IDENTIFIER = "phonegroove.git-sonicUITests";
				PRODUCT_NAME = "$(TARGET_NAME)";
				TEST_TARGET_NAME = "git-sonic";
			};
			name = Release;
		};
/* End XCBuildConfiguration section */

/* Begin XCConfigurationList section */
		2AA233CA1D24869D001EF336 /* Build configuration list for PBXProject "git-sonic" */ = {
			isa = XCConfigurationList;
			buildConfigurations = (
				2AA233FA1D24869E001EF336 /* Debug */,
				2AA233FB1D24869E001EF336 /* Release */,
			);
			defaultConfigurationIsVisible = 0;
			defaultConfigurationName = Release;
		};
		2AA233FC1D24869E001EF336 /* Build configuration list for PBXNativeTarget "git-sonic" */ = {
			isa = XCConfigurationList;
			buildConfigurations = (
				2AA233FD1D24869E001EF336 /* Debug */,
				2AA233FE1D24869E001EF336 /* Release */,
			);
			defaultConfigurationIsVisible = 0;
			defaultConfigurationName = Release;
		};
		2AA233FF1D24869E001EF336 /* Build configuration list for PBXNativeTarget "git-sonicTests" */ = {
			isa = XCConfigurationList;
			buildConfigurations = (
				2AA234001D24869E001EF336 /* Debug */,
				2AA234011D24869E001EF336 /* Release */,
			);
			defaultConfigurationIsVisible = 0;
			defaultConfigurationName = Release;
		};
		2AA234021D24869E001EF336 /* Build configuration list for PBXNativeTarget "git-sonicUITests" */ = {
			isa = XCConfigurationList;
			buildConfigurations = (
				2AA234031D24869E001EF336 /* Debug */,
				2AA234041D24869E001EF336 /* Release */,
			);
			defaultConfigurationIsVisible = 0;
			defaultConfigurationName = Release;
		};
/* End XCConfigurationList section */

/* Begin XCVersionGroup section */
		2AA233D41D24869E001EF336 /* git_sonic.xcdatamodeld */ = {
			isa = XCVersionGroup;
			children = (
				2AA233D51D24869E001EF336 /* git_sonic.xcdatamodel */,
			);
			currentVersion = 2AA233D51D24869E001EF336 /* git_sonic.xcdatamodel */;
			path = git_sonic.xcdatamodeld;
			sourceTree = "<group>";
			versionGroupType = wrapper.xcdatamodel;
		};
/* End XCVersionGroup section */
	};
	rootObject = 2AA233C71D24869D001EF336 /* Project object */;
}
